
Microsoft Visual Studio Solution File, Format Version 12.00
# Visual Studio Version 17
VisualStudioVersion = 17.6.33829.357
MinimumVisualStudioVersion = 10.0.40219.1
Project("{9A19103F-16F7-4668-BE54-9A1E7A4F7556}") = "GameLauncher.Models", "GameLauncher.Models\GameLauncher.Models.csproj", "{86DD001A-4C43-42BB-86EF-4176B1E5DC90}"
EndProject
Project("{9A19103F-16F7-4668-BE54-9A1E7A4F7556}") = "GameLauncher.DAL", "GameLauncher.DAL\GameLauncher.DAL.csproj", "{6C00E673-8703-4ED0-BB2E-2E1DBA79E3AB}"
	ProjectSection(ProjectDependencies) = postProject
		{86DD001A-4C43-42BB-86EF-4176B1E5DC90} = {86DD001A-4C43-42BB-86EF-4176B1E5DC90}
	EndProjectSection
EndProject
Project("{FAE04EC0-301F-11D3-BF4B-00C04F79EFBC}") = "GameLauncher.API", "GameLauncher.API\GameLauncher.API.csproj", "{CAC77C58-5899-48EE-B5F8-AF4A2717DD74}"
	ProjectSection(ProjectDependencies) = postProject
		{6C00E673-8703-4ED0-BB2E-2E1DBA79E3AB} = {6C00E673-8703-4ED0-BB2E-2E1DBA79E3AB}
		{86DD001A-4C43-42BB-86EF-4176B1E5DC90} = {86DD001A-4C43-42BB-86EF-4176B1E5DC90}
	EndProjectSection
EndProject
Project("{FAE04EC0-301F-11D3-BF4B-00C04F79EFBC}") = "GameLauncher.Services", "GameLauncher.Services\GameLauncher.Services.csproj", "{8E517718-8455-4FC7-A998-B62E9AC2CD62}"
EndProject
Project("{FAE04EC0-301F-11D3-BF4B-00C04F79EFBC}") = "GameLauncher.Connector", "GameLauncher.Connector\GameLauncher.Connector.csproj", "{656B89A7-1EAF-4D99-8B53-4E9BE5EB2DE9}"
EndProject
Project("{FAE04EC0-301F-11D3-BF4B-00C04F79EFBC}") = "GameLauncher.ObservableObjet", "GameLauncher.ObservableObjet\GameLauncher.ObservableObjet.csproj", "{C2250F65-7360-46B2-9656-E14E642806AA}"
EndProject
Project("{FAE04EC0-301F-11D3-BF4B-00C04F79EFBC}") = "GameLauncher.AdminProvider", "GameLauncher.AdminProvider\GameLauncher.AdminProvider.csproj", "{45858CE7-8BE7-4546-95EA-E5D6BB22363D}"
EndProject
Project("{9A19103F-16F7-4668-BE54-9A1E7A4F7556}") = "GameLauncherAdmin", "GameLauncherAdmin\GameLauncherAdmin.csproj", "{5C989B47-9680-4971-8B2F-1E20ABD814A6}"
EndProject
Project("{9A19103F-16F7-4668-BE54-9A1E7A4F7556}") = "GameLauncherAdmin.Core", "GameLauncherAdmin.Core\GameLauncherAdmin.Core.csproj", "{3F920CE5-9EEE-4A7E-8D82-276F8F43A738}"
EndProject
Global
	GlobalSection(SolutionConfigurationPlatforms) = preSolution
		Debug|Any CPU = Debug|Any CPU
		Debug|arm64 = Debug|arm64
		Debug|x64 = Debug|x64
		Debug|x86 = Debug|x86
		Release|Any CPU = Release|Any CPU
		Release|arm64 = Release|arm64
		Release|x64 = Release|x64
		Release|x86 = Release|x86
	EndGlobalSection
	GlobalSection(ProjectConfigurationPlatforms) = postSolution
		{86DD001A-4C43-42BB-86EF-4176B1E5DC90}.Debug|Any CPU.ActiveCfg = Debug|Any CPU
		{86DD001A-4C43-42BB-86EF-4176B1E5DC90}.Debug|Any CPU.Build.0 = Debug|Any CPU
		{86DD001A-4C43-42BB-86EF-4176B1E5DC90}.Debug|arm64.ActiveCfg = Debug|Any CPU
		{86DD001A-4C43-42BB-86EF-4176B1E5DC90}.Debug|arm64.Build.0 = Debug|Any CPU
		{86DD001A-4C43-42BB-86EF-4176B1E5DC90}.Debug|x64.ActiveCfg = Debug|Any CPU
		{86DD001A-4C43-42BB-86EF-4176B1E5DC90}.Debug|x64.Build.0 = Debug|Any CPU
		{86DD001A-4C43-42BB-86EF-4176B1E5DC90}.Debug|x86.ActiveCfg = Debug|Any CPU
		{86DD001A-4C43-42BB-86EF-4176B1E5DC90}.Debug|x86.Build.0 = Debug|Any CPU
		{86DD001A-4C43-42BB-86EF-4176B1E5DC90}.Release|Any CPU.ActiveCfg = Release|Any CPU
		{86DD001A-4C43-42BB-86EF-4176B1E5DC90}.Release|Any CPU.Build.0 = Release|Any CPU
		{86DD001A-4C43-42BB-86EF-4176B1E5DC90}.Release|arm64.ActiveCfg = Release|Any CPU
		{86DD001A-4C43-42BB-86EF-4176B1E5DC90}.Release|arm64.Build.0 = Release|Any CPU
		{86DD001A-4C43-42BB-86EF-4176B1E5DC90}.Release|x64.ActiveCfg = Release|Any CPU
		{86DD001A-4C43-42BB-86EF-4176B1E5DC90}.Release|x64.Build.0 = Release|Any CPU
		{86DD001A-4C43-42BB-86EF-4176B1E5DC90}.Release|x86.ActiveCfg = Release|Any CPU
		{86DD001A-4C43-42BB-86EF-4176B1E5DC90}.Release|x86.Build.0 = Release|Any CPU
		{6C00E673-8703-4ED0-BB2E-2E1DBA79E3AB}.Debug|Any CPU.ActiveCfg = Debug|Any CPU
		{6C00E673-8703-4ED0-BB2E-2E1DBA79E3AB}.Debug|Any CPU.Build.0 = Debug|Any CPU
		{6C00E673-8703-4ED0-BB2E-2E1DBA79E3AB}.Debug|arm64.ActiveCfg = Debug|Any CPU
		{6C00E673-8703-4ED0-BB2E-2E1DBA79E3AB}.Debug|arm64.Build.0 = Debug|Any CPU
		{6C00E673-8703-4ED0-BB2E-2E1DBA79E3AB}.Debug|x64.ActiveCfg = Debug|Any CPU
		{6C00E673-8703-4ED0-BB2E-2E1DBA79E3AB}.Debug|x64.Build.0 = Debug|Any CPU
		{6C00E673-8703-4ED0-BB2E-2E1DBA79E3AB}.Debug|x86.ActiveCfg = Debug|Any CPU
		{6C00E673-8703-4ED0-BB2E-2E1DBA79E3AB}.Debug|x86.Build.0 = Debug|Any CPU
		{6C00E673-8703-4ED0-BB2E-2E1DBA79E3AB}.Release|Any CPU.ActiveCfg = Release|Any CPU
		{6C00E673-8703-4ED0-BB2E-2E1DBA79E3AB}.Release|Any CPU.Build.0 = Release|Any CPU
		{6C00E673-8703-4ED0-BB2E-2E1DBA79E3AB}.Release|arm64.ActiveCfg = Release|Any CPU
		{6C00E673-8703-4ED0-BB2E-2E1DBA79E3AB}.Release|arm64.Build.0 = Release|Any CPU
		{6C00E673-8703-4ED0-BB2E-2E1DBA79E3AB}.Release|x64.ActiveCfg = Release|Any CPU
		{6C00E673-8703-4ED0-BB2E-2E1DBA79E3AB}.Release|x64.Build.0 = Release|Any CPU
		{6C00E673-8703-4ED0-BB2E-2E1DBA79E3AB}.Release|x86.ActiveCfg = Release|Any CPU
		{6C00E673-8703-4ED0-BB2E-2E1DBA79E3AB}.Release|x86.Build.0 = Release|Any CPU
		{CAC77C58-5899-48EE-B5F8-AF4A2717DD74}.Debug|Any CPU.ActiveCfg = Debug|Any CPU
		{CAC77C58-5899-48EE-B5F8-AF4A2717DD74}.Debug|Any CPU.Build.0 = Debug|Any CPU
		{CAC77C58-5899-48EE-B5F8-AF4A2717DD74}.Debug|arm64.ActiveCfg = Debug|Any CPU
		{CAC77C58-5899-48EE-B5F8-AF4A2717DD74}.Debug|arm64.Build.0 = Debug|Any CPU
		{CAC77C58-5899-48EE-B5F8-AF4A2717DD74}.Debug|x64.ActiveCfg = Debug|Any CPU
		{CAC77C58-5899-48EE-B5F8-AF4A2717DD74}.Debug|x64.Build.0 = Debug|Any CPU
		{CAC77C58-5899-48EE-B5F8-AF4A2717DD74}.Debug|x86.ActiveCfg = Debug|Any CPU
		{CAC77C58-5899-48EE-B5F8-AF4A2717DD74}.Debug|x86.Build.0 = Debug|Any CPU
		{CAC77C58-5899-48EE-B5F8-AF4A2717DD74}.Release|Any CPU.ActiveCfg = Release|Any CPU
		{CAC77C58-5899-48EE-B5F8-AF4A2717DD74}.Release|Any CPU.Build.0 = Release|Any CPU
		{CAC77C58-5899-48EE-B5F8-AF4A2717DD74}.Release|arm64.ActiveCfg = Release|Any CPU
		{CAC77C58-5899-48EE-B5F8-AF4A2717DD74}.Release|arm64.Build.0 = Release|Any CPU
		{CAC77C58-5899-48EE-B5F8-AF4A2717DD74}.Release|x64.ActiveCfg = Release|Any CPU
		{CAC77C58-5899-48EE-B5F8-AF4A2717DD74}.Release|x64.Build.0 = Release|Any CPU
		{CAC77C58-5899-48EE-B5F8-AF4A2717DD74}.Release|x86.ActiveCfg = Release|Any CPU
		{CAC77C58-5899-48EE-B5F8-AF4A2717DD74}.Release|x86.Build.0 = Release|Any CPU
		{8E517718-8455-4FC7-A998-B62E9AC2CD62}.Debug|Any CPU.ActiveCfg = Debug|Any CPU
		{8E517718-8455-4FC7-A998-B62E9AC2CD62}.Debug|Any CPU.Build.0 = Debug|Any CPU
		{8E517718-8455-4FC7-A998-B62E9AC2CD62}.Debug|arm64.ActiveCfg = Debug|Any CPU
		{8E517718-8455-4FC7-A998-B62E9AC2CD62}.Debug|arm64.Build.0 = Debug|Any CPU
		{8E517718-8455-4FC7-A998-B62E9AC2CD62}.Debug|x64.ActiveCfg = Debug|Any CPU
		{8E517718-8455-4FC7-A998-B62E9AC2CD62}.Debug|x64.Build.0 = Debug|Any CPU
		{8E517718-8455-4FC7-A998-B62E9AC2CD62}.Debug|x86.ActiveCfg = Debug|Any CPU
		{8E517718-8455-4FC7-A998-B62E9AC2CD62}.Debug|x86.Build.0 = Debug|Any CPU
		{8E517718-8455-4FC7-A998-B62E9AC2CD62}.Release|Any CPU.ActiveCfg = Release|Any CPU
		{8E517718-8455-4FC7-A998-B62E9AC2CD62}.Release|Any CPU.Build.0 = Release|Any CPU
		{8E517718-8455-4FC7-A998-B62E9AC2CD62}.Release|arm64.ActiveCfg = Release|Any CPU
		{8E517718-8455-4FC7-A998-B62E9AC2CD62}.Release|arm64.Build.0 = Release|Any CPU
		{8E517718-8455-4FC7-A998-B62E9AC2CD62}.Release|x64.ActiveCfg = Release|Any CPU
		{8E517718-8455-4FC7-A998-B62E9AC2CD62}.Release|x64.Build.0 = Release|Any CPU
		{8E517718-8455-4FC7-A998-B62E9AC2CD62}.Release|x86.ActiveCfg = Release|Any CPU
		{8E517718-8455-4FC7-A998-B62E9AC2CD62}.Release|x86.Build.0 = Release|Any CPU
		{656B89A7-1EAF-4D99-8B53-4E9BE5EB2DE9}.Debug|Any CPU.ActiveCfg = Debug|Any CPU
		{656B89A7-1EAF-4D99-8B53-4E9BE5EB2DE9}.Debug|Any CPU.Build.0 = Debug|Any CPU
		{656B89A7-1EAF-4D99-8B53-4E9BE5EB2DE9}.Debug|arm64.ActiveCfg = Debug|Any CPU
		{656B89A7-1EAF-4D99-8B53-4E9BE5EB2DE9}.Debug|arm64.Build.0 = Debug|Any CPU
		{656B89A7-1EAF-4D99-8B53-4E9BE5EB2DE9}.Debug|x64.ActiveCfg = Debug|Any CPU
		{656B89A7-1EAF-4D99-8B53-4E9BE5EB2DE9}.Debug|x64.Build.0 = Debug|Any CPU
		{656B89A7-1EAF-4D99-8B53-4E9BE5EB2DE9}.Debug|x86.ActiveCfg = Debug|Any CPU
		{656B89A7-1EAF-4D99-8B53-4E9BE5EB2DE9}.Debug|x86.Build.0 = Debug|Any CPU
		{656B89A7-1EAF-4D99-8B53-4E9BE5EB2DE9}.Release|Any CPU.ActiveCfg = Release|Any CPU
		{656B89A7-1EAF-4D99-8B53-4E9BE5EB2DE9}.Release|Any CPU.Build.0 = Release|Any CPU
		{656B89A7-1EAF-4D99-8B53-4E9BE5EB2DE9}.Release|arm64.ActiveCfg = Release|Any CPU
		{656B89A7-1EAF-4D99-8B53-4E9BE5EB2DE9}.Release|arm64.Build.0 = Release|Any CPU
		{656B89A7-1EAF-4D99-8B53-4E9BE5EB2DE9}.Release|x64.ActiveCfg = Release|Any CPU
		{656B89A7-1EAF-4D99-8B53-4E9BE5EB2DE9}.Release|x64.Build.0 = Release|Any CPU
		{656B89A7-1EAF-4D99-8B53-4E9BE5EB2DE9}.Release|x86.ActiveCfg = Release|Any CPU
		{656B89A7-1EAF-4D99-8B53-4E9BE5EB2DE9}.Release|x86.Build.0 = Release|Any CPU
		{C2250F65-7360-46B2-9656-E14E642806AA}.Debug|Any CPU.ActiveCfg = Debug|Any CPU
		{C2250F65-7360-46B2-9656-E14E642806AA}.Debug|Any CPU.Build.0 = Debug|Any CPU
		{C2250F65-7360-46B2-9656-E14E642806AA}.Debug|arm64.ActiveCfg = Debug|Any CPU
		{C2250F65-7360-46B2-9656-E14E642806AA}.Debug|arm64.Build.0 = Debug|Any CPU
		{C2250F65-7360-46B2-9656-E14E642806AA}.Debug|x64.ActiveCfg = Debug|Any CPU
		{C2250F65-7360-46B2-9656-E14E642806AA}.Debug|x64.Build.0 = Debug|Any CPU
		{C2250F65-7360-46B2-9656-E14E642806AA}.Debug|x86.ActiveCfg = Debug|Any CPU
		{C2250F65-7360-46B2-9656-E14E642806AA}.Debug|x86.Build.0 = Debug|Any CPU
		{C2250F65-7360-46B2-9656-E14E642806AA}.Release|Any CPU.ActiveCfg = Release|Any CPU
		{C2250F65-7360-46B2-9656-E14E642806AA}.Release|Any CPU.Build.0 = Release|Any CPU
		{C2250F65-7360-46B2-9656-E14E642806AA}.Release|arm64.ActiveCfg = Release|Any CPU
		{C2250F65-7360-46B2-9656-E14E642806AA}.Release|arm64.Build.0 = Release|Any CPU
		{C2250F65-7360-46B2-9656-E14E642806AA}.Release|x64.ActiveCfg = Release|Any CPU
		{C2250F65-7360-46B2-9656-E14E642806AA}.Release|x64.Build.0 = Release|Any CPU
		{C2250F65-7360-46B2-9656-E14E642806AA}.Release|x86.ActiveCfg = Release|Any CPU
		{C2250F65-7360-46B2-9656-E14E642806AA}.Release|x86.Build.0 = Release|Any CPU
		{45858CE7-8BE7-4546-95EA-E5D6BB22363D}.Debug|Any CPU.ActiveCfg = Debug|Any CPU
		{45858CE7-8BE7-4546-95EA-E5D6BB22363D}.Debug|Any CPU.Build.0 = Debug|Any CPU
		{45858CE7-8BE7-4546-95EA-E5D6BB22363D}.Debug|arm64.ActiveCfg = Debug|Any CPU
		{45858CE7-8BE7-4546-95EA-E5D6BB22363D}.Debug|arm64.Build.0 = Debug|Any CPU
		{45858CE7-8BE7-4546-95EA-E5D6BB22363D}.Debug|x64.ActiveCfg = Debug|Any CPU
		{45858CE7-8BE7-4546-95EA-E5D6BB22363D}.Debug|x64.Build.0 = Debug|Any CPU
		{45858CE7-8BE7-4546-95EA-E5D6BB22363D}.Debug|x86.ActiveCfg = Debug|Any CPU
		{45858CE7-8BE7-4546-95EA-E5D6BB22363D}.Debug|x86.Build.0 = Debug|Any CPU
		{45858CE7-8BE7-4546-95EA-E5D6BB22363D}.Release|Any CPU.ActiveCfg = Release|Any CPU
		{45858CE7-8BE7-4546-95EA-E5D6BB22363D}.Release|Any CPU.Build.0 = Release|Any CPU
		{45858CE7-8BE7-4546-95EA-E5D6BB22363D}.Release|arm64.ActiveCfg = Release|Any CPU
		{45858CE7-8BE7-4546-95EA-E5D6BB22363D}.Release|arm64.Build.0 = Release|Any CPU
		{45858CE7-8BE7-4546-95EA-E5D6BB22363D}.Release|x64.ActiveCfg = Release|Any CPU
		{45858CE7-8BE7-4546-95EA-E5D6BB22363D}.Release|x64.Build.0 = Release|Any CPU
		{45858CE7-8BE7-4546-95EA-E5D6BB22363D}.Release|x86.ActiveCfg = Release|Any CPU
		{45858CE7-8BE7-4546-95EA-E5D6BB22363D}.Release|x86.Build.0 = Release|Any CPU
		{5C989B47-9680-4971-8B2F-1E20ABD814A6}.Debug|Any CPU.ActiveCfg = Debug|x64
		{5C989B47-9680-4971-8B2F-1E20ABD814A6}.Debug|Any CPU.Build.0 = Debug|x64
		{5C989B47-9680-4971-8B2F-1E20ABD814A6}.Debug|Any CPU.Deploy.0 = Debug|x64
		{5C989B47-9680-4971-8B2F-1E20ABD814A6}.Debug|arm64.ActiveCfg = Debug|arm64
		{5C989B47-9680-4971-8B2F-1E20ABD814A6}.Debug|arm64.Build.0 = Debug|arm64
		{5C989B47-9680-4971-8B2F-1E20ABD814A6}.Debug|arm64.Deploy.0 = Debug|arm64
		{5C989B47-9680-4971-8B2F-1E20ABD814A6}.Debug|x64.ActiveCfg = Debug|x64
		{5C989B47-9680-4971-8B2F-1E20ABD814A6}.Debug|x64.Build.0 = Debug|x64
		{5C989B47-9680-4971-8B2F-1E20ABD814A6}.Debug|x64.Deploy.0 = Debug|x64
		{5C989B47-9680-4971-8B2F-1E20ABD814A6}.Debug|x86.ActiveCfg = Debug|x86
		{5C989B47-9680-4971-8B2F-1E20ABD814A6}.Debug|x86.Build.0 = Debug|x86
		{5C989B47-9680-4971-8B2F-1E20ABD814A6}.Debug|x86.Deploy.0 = Debug|x86
		{5C989B47-9680-4971-8B2F-1E20ABD814A6}.Release|Any CPU.ActiveCfg = Release|x64
		{5C989B47-9680-4971-8B2F-1E20ABD814A6}.Release|Any CPU.Build.0 = Release|x64
		{5C989B47-9680-4971-8B2F-1E20ABD814A6}.Release|Any CPU.Deploy.0 = Release|x64
		{5C989B47-9680-4971-8B2F-1E20ABD814A6}.Release|arm64.ActiveCfg = Release|arm64
		{5C989B47-9680-4971-8B2F-1E20ABD814A6}.Release|arm64.Build.0 = Release|arm64
		{5C989B47-9680-4971-8B2F-1E20ABD814A6}.Release|arm64.Deploy.0 = Release|arm64
		{5C989B47-9680-4971-8B2F-1E20ABD814A6}.Release|x64.ActiveCfg = Release|x64
		{5C989B47-9680-4971-8B2F-1E20ABD814A6}.Release|x64.Build.0 = Release|x64
		{5C989B47-9680-4971-8B2F-1E20ABD814A6}.Release|x64.Deploy.0 = Release|x64
		{5C989B47-9680-4971-8B2F-1E20ABD814A6}.Release|x86.ActiveCfg = Release|x86
		{5C989B47-9680-4971-8B2F-1E20ABD814A6}.Release|x86.Build.0 = Release|x86
		{5C989B47-9680-4971-8B2F-1E20ABD814A6}.Release|x86.Deploy.0 = Release|x86
		{3F920CE5-9EEE-4A7E-8D82-276F8F43A738}.Debug|Any CPU.ActiveCfg = Debug|Any CPU
		{3F920CE5-9EEE-4A7E-8D82-276F8F43A738}.Debug|Any CPU.Build.0 = Debug|Any CPU
		{3F920CE5-9EEE-4A7E-8D82-276F8F43A738}.Debug|arm64.ActiveCfg = Debug|arm64
		{3F920CE5-9EEE-4A7E-8D82-276F8F43A738}.Debug|arm64.Build.0 = Debug|arm64
		{3F920CE5-9EEE-4A7E-8D82-276F8F43A738}.Debug|x64.ActiveCfg = Debug|x64
		{3F920CE5-9EEE-4A7E-8D82-276F8F43A738}.Debug|x64.Build.0 = Debug|x64
		{3F920CE5-9EEE-4A7E-8D82-276F8F43A738}.Debug|x86.ActiveCfg = Debug|x86
		{3F920CE5-9EEE-4A7E-8D82-276F8F43A738}.Debug|x86.Build.0 = Debug|x86
		{3F920CE5-9EEE-4A7E-8D82-276F8F43A738}.Release|Any CPU.ActiveCfg = Release|Any CPU
		{3F920CE5-9EEE-4A7E-8D82-276F8F43A738}.Release|Any CPU.Build.0 = Release|Any CPU
		{3F920CE5-9EEE-4A7E-8D82-276F8F43A738}.Release|arm64.ActiveCfg = Release|arm64
		{3F920CE5-9EEE-4A7E-8D82-276F8F43A738}.Release|arm64.Build.0 = Release|arm64
		{3F920CE5-9EEE-4A7E-8D82-276F8F43A738}.Release|x64.ActiveCfg = Release|x64
		{3F920CE5-9EEE-4A7E-8D82-276F8F43A738}.Release|x64.Build.0 = Release|x64
		{3F920CE5-9EEE-4A7E-8D82-276F8F43A738}.Release|x86.ActiveCfg = Release|x86
		{3F920CE5-9EEE-4A7E-8D82-276F8F43A738}.Release|x86.Build.0 = Release|x86
	EndGlobalSection
	GlobalSection(SolutionProperties) = preSolution
		HideSolutionNode = FALSE
	EndGlobalSection
	GlobalSection(ExtensibilityGlobals) = postSolution
		SolutionGuid = {E842534C-3A7F-4C3D-87DE-CCE7396BFEA4}
	EndGlobalSection
EndGlobal
